
Microsoft Visual Studio Solution File, Format Version 12.00
# Visual Studio Version 17
VisualStudioVersion = 17.0.31903.59
MinimumVisualStudioVersion = 10.0.40219.1
Project("{2150E333-8FDC-42A3-9474-1A3956D46DE8}") = "src", "src", "{827E0CD3-B72D-47B6-A68D-7590B98EB39B}"
EndProject
Project("{FAE04EC0-301F-11D3-BF4B-00C04F79EFBC}") = "QrMenu.Domain", "src\QrMenu.Domain\QrMenu.Domain.csproj", "{873C0E23-3457-4FD5-AD24-372BEBC647EB}"
EndProject
Project("{FAE04EC0-301F-11D3-BF4B-00C04F79EFBC}") = "QrMenu.Application", "src\QrMenu.Application\QrMenu.Application.csproj", "{F4926C00-646E-4186-9EFE-8E3FEA816B35}"
EndProject
Project("{FAE04EC0-301F-11D3-BF4B-00C04F79EFBC}") = "QrMenu.Infrastructure", "src\QrMenu.Infrastructure\QrMenu.Infrastructure.csproj", "{9EA095B7-F11C-4C76-BA9A-679B184D393C}"
EndProject
Project("{FAE04EC0-301F-11D3-BF4B-00C04F79EFBC}") = "QrMenu.Api", "src\QrMenu.Api\QrMenu.Api.csproj", "{FFAD7FAB-9574-422D-8984-85C9976F77A9}"
EndProject
Project("{FAE04EC0-301F-11D3-BF4B-00C04F79EFBC}") = "QrMenu.Tests", "tests\QrMenu.Tests\QrMenu.Tests.csproj", "{F5539693-DEFD-45BB-8571-6CFA2B730D5F}"
EndProject
Global
	GlobalSection(SolutionConfigurationPlatforms) = preSolution
		Debug|Any CPU = Debug|Any CPU
		Debug|x64 = Debug|x64
		Debug|x86 = Debug|x86
		Release|Any CPU = Release|Any CPU
		Release|x64 = Release|x64
		Release|x86 = Release|x86
	EndGlobalSection
	GlobalSection(ProjectConfigurationPlatforms) = postSolution
		{873C0E23-3457-4FD5-AD24-372BEBC647EB}.Debug|Any CPU.ActiveCfg = Debug|Any CPU
		{873C0E23-3457-4FD5-AD24-372BEBC647EB}.Debug|Any CPU.Build.0 = Debug|Any CPU
		{873C0E23-3457-4FD5-AD24-372BEBC647EB}.Debug|x64.ActiveCfg = Debug|Any CPU
		{873C0E23-3457-4FD5-AD24-372BEBC647EB}.Debug|x64.Build.0 = Debug|Any CPU
		{873C0E23-3457-4FD5-AD24-372BEBC647EB}.Debug|x86.ActiveCfg = Debug|Any CPU
		{873C0E23-3457-4FD5-AD24-372BEBC647EB}.Debug|x86.Build.0 = Debug|Any CPU
		{873C0E23-3457-4FD5-AD24-372BEBC647EB}.Release|Any CPU.ActiveCfg = Release|Any CPU
		{873C0E23-3457-4FD5-AD24-372BEBC647EB}.Release|Any CPU.Build.0 = Release|Any CPU
		{873C0E23-3457-4FD5-AD24-372BEBC647EB}.Release|x64.ActiveCfg = Release|Any CPU
		{873C0E23-3457-4FD5-AD24-372BEBC647EB}.Release|x64.Build.0 = Release|Any CPU
		{873C0E23-3457-4FD5-AD24-372BEBC647EB}.Release|x86.ActiveCfg = Release|Any CPU
		{873C0E23-3457-4FD5-AD24-372BEBC647EB}.Release|x86.Build.0 = Release|Any CPU
		{F4926C00-646E-4186-9EFE-8E3FEA816B35}.Debug|Any CPU.ActiveCfg = Debug|Any CPU
		{F4926C00-646E-4186-9EFE-8E3FEA816B35}.Debug|Any CPU.Build.0 = Debug|Any CPU
		{F4926C00-646E-4186-9EFE-8E3FEA816B35}.Debug|x64.ActiveCfg = Debug|Any CPU
		{F4926C00-646E-4186-9EFE-8E3FEA816B35}.Debug|x64.Build.0 = Debug|Any CPU
		{F4926C00-646E-4186-9EFE-8E3FEA816B35}.Debug|x86.ActiveCfg = Debug|Any CPU
		{F4926C00-646E-4186-9EFE-8E3FEA816B35}.Debug|x86.Build.0 = Debug|Any CPU
		{F4926C00-646E-4186-9EFE-8E3FEA816B35}.Release|Any CPU.ActiveCfg = Release|Any CPU
		{F4926C00-646E-4186-9EFE-8E3FEA816B35}.Release|Any CPU.Build.0 = Release|Any CPU
		{F4926C00-646E-4186-9EFE-8E3FEA816B35}.Release|x64.ActiveCfg = Release|Any CPU
		{F4926C00-646E-4186-9EFE-8E3FEA816B35}.Release|x64.Build.0 = Release|Any CPU
		{F4926C00-646E-4186-9EFE-8E3FEA816B35}.Release|x86.ActiveCfg = Release|Any CPU
		{F4926C00-646E-4186-9EFE-8E3FEA816B35}.Release|x86.Build.0 = Release|Any CPU
		{9EA095B7-F11C-4C76-BA9A-679B184D393C}.Debug|Any CPU.ActiveCfg = Debug|Any CPU
		{9EA095B7-F11C-4C76-BA9A-679B184D393C}.Debug|Any CPU.Build.0 = Debug|Any CPU
		{9EA095B7-F11C-4C76-BA9A-679B184D393C}.Debug|x64.ActiveCfg = Debug|Any CPU
		{9EA095B7-F11C-4C76-BA9A-679B184D393C}.Debug|x64.Build.0 = Debug|Any CPU
		{9EA095B7-F11C-4C76-BA9A-679B184D393C}.Debug|x86.ActiveCfg = Debug|Any CPU
		{9EA095B7-F11C-4C76-BA9A-679B184D393C}.Debug|x86.Build.0 = Debug|Any CPU
		{9EA095B7-F11C-4C76-BA9A-679B184D393C}.Release|Any CPU.ActiveCfg = Release|Any CPU
		{9EA095B7-F11C-4C76-BA9A-679B184D393C}.Release|Any CPU.Build.0 = Release|Any CPU
		{9EA095B7-F11C-4C76-BA9A-679B184D393C}.Release|x64.ActiveCfg = Release|Any CPU
		{9EA095B7-F11C-4C76-BA9A-679B184D393C}.Release|x64.Build.0 = Release|Any CPU
		{9EA095B7-F11C-4C76-BA9A-679B184D393C}.Release|x86.ActiveCfg = Release|Any CPU
		{9EA095B7-F11C-4C76-BA9A-679B184D393C}.Release|x86.Build.0 = Release|Any CPU
		{FFAD7FAB-9574-422D-8984-85C9976F77A9}.Debug|Any CPU.ActiveCfg = Debug|Any CPU
		{FFAD7FAB-9574-422D-8984-85C9976F77A9}.Debug|Any CPU.Build.0 = Debug|Any CPU
		{FFAD7FAB-9574-422D-8984-85C9976F77A9}.Debug|x64.ActiveCfg = Debug|Any CPU
		{FFAD7FAB-9574-422D-8984-85C9976F77A9}.Debug|x64.Build.0 = Debug|Any CPU
		{FFAD7FAB-9574-422D-8984-85C9976F77A9}.Debug|x86.ActiveCfg = Debug|Any CPU
		{FFAD7FAB-9574-422D-8984-85C9976F77A9}.Debug|x86.Build.0 = Debug|Any CPU
		{FFAD7FAB-9574-422D-8984-85C9976F77A9}.Release|Any CPU.ActiveCfg = Release|Any CPU
		{FFAD7FAB-9574-422D-8984-85C9976F77A9}.Release|Any CPU.Build.0 = Release|Any CPU
		{FFAD7FAB-9574-422D-8984-85C9976F77A9}.Release|x64.ActiveCfg = Release|Any CPU
		{FFAD7FAB-9574-422D-8984-85C9976F77A9}.Release|x64.Build.0 = Release|Any CPU
		{FFAD7FAB-9574-422D-8984-85C9976F77A9}.Release|x86.ActiveCfg = Release|Any CPU
		{FFAD7FAB-9574-422D-8984-85C9976F77A9}.Release|x86.Build.0 = Release|Any CPU
		{F5539693-DEFD-45BB-8571-6CFA2B730D5F}.Debug|Any CPU.ActiveCfg = Debug|Any CPU
		{F5539693-DEFD-45BB-8571-6CFA2B730D5F}.Debug|Any CPU.Build.0 = Debug|Any CPU
		{F5539693-DEFD-45BB-8571-6CFA2B730D5F}.Debug|x64.ActiveCfg = Debug|Any CPU
		{F5539693-DEFD-45BB-8571-6CFA2B730D5F}.Debug|x64.Build.0 = Debug|Any CPU
		{F5539693-DEFD-45BB-8571-6CFA2B730D5F}.Debug|x86.ActiveCfg = Debug|Any CPU
		{F5539693-DEFD-45BB-8571-6CFA2B730D5F}.Debug|x86.Build.0 = Debug|Any CPU
		{F5539693-DEFD-45BB-8571-6CFA2B730D5F}.Release|Any CPU.ActiveCfg = Release|Any CPU
		{F5539693-DEFD-45BB-8571-6CFA2B730D5F}.Release|Any CPU.Build.0 = Release|Any CPU
		{F5539693-DEFD-45BB-8571-6CFA2B730D5F}.Release|x64.ActiveCfg = Release|Any CPU
		{F5539693-DEFD-45BB-8571-6CFA2B730D5F}.Release|x64.Build.0 = Release|Any CPU
		{F5539693-DEFD-45BB-8571-6CFA2B730D5F}.Release|x86.ActiveCfg = Release|Any CPU
		{F5539693-DEFD-45BB-8571-6CFA2B730D5F}.Release|x86.Build.0 = Release|Any CPU
	EndGlobalSection
	GlobalSection(SolutionProperties) = preSolution
		HideSolutionNode = FALSE
	EndGlobalSection
	GlobalSection(NestedProjects) = preSolution
		{873C0E23-3457-4FD5-AD24-372BEBC647EB} = {827E0CD3-B72D-47B6-A68D-7590B98EB39B}
		{F4926C00-646E-4186-9EFE-8E3FEA816B35} = {827E0CD3-B72D-47B6-A68D-7590B98EB39B}
		{9EA095B7-F11C-4C76-BA9A-679B184D393C} = {827E0CD3-B72D-47B6-A68D-7590B98EB39B}
		{FFAD7FAB-9574-422D-8984-85C9976F77A9} = {827E0CD3-B72D-47B6-A68D-7590B98EB39B}
		{F5539693-DEFD-45BB-8571-6CFA2B730D5F} = {827E0CD3-B72D-47B6-A68D-7590B98EB39B}
	EndGlobalSection
EndGlobal
